
Microsoft Visual Studio Solution File, Format Version 12.00
# Visual Studio 2013
VisualStudioVersion = 12.0.30723.0
MinimumVisualStudioVersion = 12.0.21005.1
Project("{FAE04EC0-301F-11D3-BF4B-00C04F79EFBC}") = "ProjectWit.Model", "ProjectWit.Model\ProjectWit.Model.csproj", "{AEF6E2CC-1395-4FB9-9C00-5D8E212B31C7}"
EndProject
Project("{FAE04EC0-301F-11D3-BF4B-00C04F79EFBC}") = "ProjectWit.Web", "ProjectWit.Web\ProjectWit.Web.csproj", "{26A9C2B1-A8E3-41E9-A7C6-DF3A903D1CB0}"
EndProject
Project("{FAE04EC0-301F-11D3-BF4B-00C04F79EFBC}") = "ProjectWit.Web.Tests", "ProjectWit.Web.Tests\ProjectWit.Web.Tests.csproj", "{8AA6AE39-68F2-4875-94B4-C2863796343B}"
EndProject
Project("{FAE04EC0-301F-11D3-BF4B-00C04F79EFBC}") = "ProjectWit.Service", "ProjectWit.Service\ProjectWit.Service.csproj", "{5F49D4A1-2E7F-4B6A-ADCC-6C6534173FFC}"
EndProject
Project("{FAE04EC0-301F-11D3-BF4B-00C04F79EFBC}") = "ProjectWit.ModelTests", "ProjectWit.ModelTests\ProjectWit.ModelTests.csproj", "{918EB215-3C0C-45E8-9B07-B16FEB76558E}"
EndProject
Global
	GlobalSection(SolutionConfigurationPlatforms) = preSolution
		Debug|Any CPU = Debug|Any CPU
		Release|Any CPU = Release|Any CPU
	EndGlobalSection
	GlobalSection(ProjectConfigurationPlatforms) = postSolution
		{AEF6E2CC-1395-4FB9-9C00-5D8E212B31C7}.Debug|Any CPU.ActiveCfg = Debug|Any CPU
		{AEF6E2CC-1395-4FB9-9C00-5D8E212B31C7}.Debug|Any CPU.Build.0 = Debug|Any CPU
		{AEF6E2CC-1395-4FB9-9C00-5D8E212B31C7}.Release|Any CPU.ActiveCfg = Release|Any CPU
		{AEF6E2CC-1395-4FB9-9C00-5D8E212B31C7}.Release|Any CPU.Build.0 = Release|Any CPU
		{26A9C2B1-A8E3-41E9-A7C6-DF3A903D1CB0}.Debug|Any CPU.ActiveCfg = Debug|Any CPU
		{26A9C2B1-A8E3-41E9-A7C6-DF3A903D1CB0}.Debug|Any CPU.Build.0 = Debug|Any CPU
		{26A9C2B1-A8E3-41E9-A7C6-DF3A903D1CB0}.Release|Any CPU.ActiveCfg = Release|Any CPU
		{26A9C2B1-A8E3-41E9-A7C6-DF3A903D1CB0}.Release|Any CPU.Build.0 = Release|Any CPU
		{8AA6AE39-68F2-4875-94B4-C2863796343B}.Debug|Any CPU.ActiveCfg = Debug|Any CPU
		{8AA6AE39-68F2-4875-94B4-C2863796343B}.Debug|Any CPU.Build.0 = Debug|Any CPU
		{8AA6AE39-68F2-4875-94B4-C2863796343B}.Release|Any CPU.ActiveCfg = Release|Any CPU
		{8AA6AE39-68F2-4875-94B4-C2863796343B}.Release|Any CPU.Build.0 = Release|Any CPU
		{5F49D4A1-2E7F-4B6A-ADCC-6C6534173FFC}.Debug|Any CPU.ActiveCfg = Debug|Any CPU
		{5F49D4A1-2E7F-4B6A-ADCC-6C6534173FFC}.Debug|Any CPU.Build.0 = Debug|Any CPU
		{5F49D4A1-2E7F-4B6A-ADCC-6C6534173FFC}.Release|Any CPU.ActiveCfg = Release|Any CPU
		{5F49D4A1-2E7F-4B6A-ADCC-6C6534173FFC}.Release|Any CPU.Build.0 = Release|Any CPU
		{918EB215-3C0C-45E8-9B07-B16FEB76558E}.Debug|Any CPU.ActiveCfg = Debug|Any CPU
		{918EB215-3C0C-45E8-9B07-B16FEB76558E}.Debug|Any CPU.Build.0 = Debug|Any CPU
		{918EB215-3C0C-45E8-9B07-B16FEB76558E}.Release|Any CPU.ActiveCfg = Release|Any CPU
		{918EB215-3C0C-45E8-9B07-B16FEB76558E}.Release|Any CPU.Build.0 = Release|Any CPU
	EndGlobalSection
	GlobalSection(SolutionProperties) = preSolution
		HideSolutionNode = FALSE
	EndGlobalSection
EndGlobal
